
Microsoft Visual Studio Solution File, Format Version 12.00
# Visual Studio Version 17
VisualStudioVersion = 17.9.34607.119
MinimumVisualStudioVersion = 10.0.40219.1
Project("{FAE04EC0-301F-11D3-BF4B-00C04F79EFBC}") = "CustomerManagementSystem", "CustomerManagementSystem.csproj", "{3F965FC4-1DBE-4159-9424-ECF27E75567D}"
EndProject
Global
	GlobalSection(SolutionConfigurationPlatforms) = preSolution
		Debug|Any CPU = Debug|Any CPU
		Release|Any CPU = Release|Any CPU
	EndGlobalSection
	GlobalSection(ProjectConfigurationPlatforms) = postSolution
		{3F965FC4-1DBE-4159-9424-ECF27E75567D}.Debug|Any CPU.ActiveCfg = Debug|Any CPU
		{3F965FC4-1DBE-4159-9424-ECF27E75567D}.Debug|Any CPU.Build.0 = Debug|Any CPU
		{3F965FC4-1DBE-4159-9424-ECF27E75567D}.Release|Any CPU.ActiveCfg = Release|Any CPU
		{3F965FC4-1DBE-4159-9424-ECF27E75567D}.Release|Any CPU.Build.0 = Release|Any CPU
	EndGlobalSection
	GlobalSection(SolutionProperties) = preSolution
		HideSolutionNode = FALSE
	EndGlobalSection
	GlobalSection(ExtensibilityGlobals) = postSolution
		SolutionGuid = {C307C691-59A5-4CB7-A3F5-FA93B5935E0B}
	EndGlobalSection
EndGlobal
